
Microsoft Visual Studio Solution File, Format Version 12.00
# Visual Studio Version 16
VisualStudioVersion = 16.0.31105.61
MinimumVisualStudioVersion = 10.0.40219.1
Project("{FAE04EC0-301F-11D3-BF4B-00C04F79EFBC}") = "StudentProfileMvc", "StudentProfileMvc\StudentProfileMvc.csproj", "{4F058D3E-3D92-40E1-9B06-EA28110838E5}"
EndProject
Global
	GlobalSection(SolutionConfigurationPlatforms) = preSolution
		Debug|Any CPU = Debug|Any CPU
		Release|Any CPU = Release|Any CPU
	EndGlobalSection
	GlobalSection(ProjectConfigurationPlatforms) = postSolution
		{4F058D3E-3D92-40E1-9B06-EA28110838E5}.Debug|Any CPU.ActiveCfg = Debug|Any CPU
		{4F058D3E-3D92-40E1-9B06-EA28110838E5}.Debug|Any CPU.Build.0 = Debug|Any CPU
		{4F058D3E-3D92-40E1-9B06-EA28110838E5}.Release|Any CPU.ActiveCfg = Release|Any CPU
		{4F058D3E-3D92-40E1-9B06-EA28110838E5}.Release|Any CPU.Build.0 = Release|Any CPU
	EndGlobalSection
	GlobalSection(SolutionProperties) = preSolution
		HideSolutionNode = FALSE
	EndGlobalSection
	GlobalSection(ExtensibilityGlobals) = postSolution
		SolutionGuid = {ADFE9862-B4B1-489D-A0D1-19A687918552}
	EndGlobalSection
EndGlobal
